
Microsoft Visual Studio Solution File, Format Version 12.00
# Visual Studio Version 16
VisualStudioVersion = 16.0.31515.178
MinimumVisualStudioVersion = 10.0.40219.1
Project("{888888A0-9F3D-457C-B088-3A5042F75D52}") = "Alex Random Quote Key", "Alex Random Quote Key.pyproj", "{55776C04-7D48-4A12-865F-05C473AE4566}"
EndProject
Global
	GlobalSection(SolutionConfigurationPlatforms) = preSolution
		Debug|Any CPU = Debug|Any CPU
		Release|Any CPU = Release|Any CPU
	EndGlobalSection
	GlobalSection(ProjectConfigurationPlatforms) = postSolution
		{55776C04-7D48-4A12-865F-05C473AE4566}.Debug|Any CPU.ActiveCfg = Debug|Any CPU
		{55776C04-7D48-4A12-865F-05C473AE4566}.Release|Any CPU.ActiveCfg = Release|Any CPU
	EndGlobalSection
	GlobalSection(SolutionProperties) = preSolution
		HideSolutionNode = FALSE
	EndGlobalSection
	GlobalSection(ExtensibilityGlobals) = postSolution
		SolutionGuid = {028A2E01-CA71-464D-9460-E0336BFBB9D6}
	EndGlobalSection
EndGlobal
