
Microsoft Visual Studio Solution File, Format Version 12.00
# Visual Studio Version 16
VisualStudioVersion = 16.0.31112.23
MinimumVisualStudioVersion = 10.0.40219.1
Project("{FAE04EC0-301F-11D3-BF4B-00C04F79EFBC}") = "TOG Text Calc", "TOG Text Calc.csproj", "{192DA2BD-A3F0-4767-9073-4A597348AB4C}"
EndProject
Global
	GlobalSection(SolutionConfigurationPlatforms) = preSolution
		Debug|Any CPU = Debug|Any CPU
		Release|Any CPU = Release|Any CPU
	EndGlobalSection
	GlobalSection(ProjectConfigurationPlatforms) = postSolution
		{192DA2BD-A3F0-4767-9073-4A597348AB4C}.Debug|Any CPU.ActiveCfg = Debug|Any CPU
		{192DA2BD-A3F0-4767-9073-4A597348AB4C}.Debug|Any CPU.Build.0 = Debug|Any CPU
		{192DA2BD-A3F0-4767-9073-4A597348AB4C}.Debug|Any CPU.Deploy.0 = Debug|Any CPU
		{192DA2BD-A3F0-4767-9073-4A597348AB4C}.Release|Any CPU.ActiveCfg = Release|Any CPU
		{192DA2BD-A3F0-4767-9073-4A597348AB4C}.Release|Any CPU.Build.0 = Release|Any CPU
		{192DA2BD-A3F0-4767-9073-4A597348AB4C}.Release|Any CPU.Deploy.0 = Release|Any CPU
	EndGlobalSection
	GlobalSection(SolutionProperties) = preSolution
		HideSolutionNode = FALSE
	EndGlobalSection
	GlobalSection(ExtensibilityGlobals) = postSolution
		SolutionGuid = {DCD482CF-C60D-4458-9B73-AF468CB3936F}
	EndGlobalSection
EndGlobal
